// !$*UTF8*$!
{
	archiveVersion = 1;
	classes = {
	};
	objectVersion = 56;
	objects = {

/* Begin PBXBuildFile section */
		385A3B622AC4F02A00968E90 /* LocationHelper.swift in Sources */ = {isa = PBXBuildFile; fileRef = 385A3B612AC4F02A00968E90 /* LocationHelper.swift */; };
		3866886D2AC481F40025EF6D /* WeatherApp.swift in Sources */ = {isa = PBXBuildFile; fileRef = 3866886C2AC481F40025EF6D /* WeatherApp.swift */; };
		3866886F2AC481F40025EF6D /* ContentView.swift in Sources */ = {isa = PBXBuildFile; fileRef = 3866886E2AC481F40025EF6D /* ContentView.swift */; };
		386688712AC481F40025EF6D /* Assets.xcassets in Resources */ = {isa = PBXBuildFile; fileRef = 386688702AC481F40025EF6D /* Assets.xcassets */; };
		386688742AC481F40025EF6D /* Preview Assets.xcassets in Resources */ = {isa = PBXBuildFile; fileRef = 386688732AC481F40025EF6D /* Preview Assets.xcassets */; };
		389BFACB2AC4936900FFF1F8 /* Main.swift in Sources */ = {isa = PBXBuildFile; fileRef = 389BFAC42AC4936900FFF1F8 /* Main.swift */; };
		389BFACC2AC4936900FFF1F8 /* Clouds.swift in Sources */ = {isa = PBXBuildFile; fileRef = 389BFAC52AC4936900FFF1F8 /* Clouds.swift */; };
		389BFACD2AC4936900FFF1F8 /* WeatherResponse.swift in Sources */ = {isa = PBXBuildFile; fileRef = 389BFAC62AC4936900FFF1F8 /* WeatherResponse.swift */; };
		389BFACE2AC4936900FFF1F8 /* Coord.swift in Sources */ = {isa = PBXBuildFile; fileRef = 389BFAC72AC4936900FFF1F8 /* Coord.swift */; };
		389BFACF2AC4936900FFF1F8 /* Wind.swift in Sources */ = {isa = PBXBuildFile; fileRef = 389BFAC82AC4936900FFF1F8 /* Wind.swift */; };
		389BFAD02AC4936900FFF1F8 /* Sys.swift in Sources */ = {isa = PBXBuildFile; fileRef = 389BFAC92AC4936900FFF1F8 /* Sys.swift */; };
		389BFAD12AC4936900FFF1F8 /* Weather.swift in Sources */ = {isa = PBXBuildFile; fileRef = 389BFACA2AC4936900FFF1F8 /* Weather.swift */; };
		389BFAD32AC494BF00FFF1F8 /* NetworkHelper.swift in Sources */ = {isa = PBXBuildFile; fileRef = 389BFAD22AC494BF00FFF1F8 /* NetworkHelper.swift */; };
		389BFAD62AC4981D00FFF1F8 /* GeoCoding.swift in Sources */ = {isa = PBXBuildFile; fileRef = 389BFAD52AC4981D00FFF1F8 /* GeoCoding.swift */; };
		389BFAD82AC4986E00FFF1F8 /* URLProvider.swift in Sources */ = {isa = PBXBuildFile; fileRef = 389BFAD72AC4986E00FFF1F8 /* URLProvider.swift */; };
		389BFADA2AC4A92400FFF1F8 /* ErrorResponse.swift in Sources */ = {isa = PBXBuildFile; fileRef = 389BFAD92AC4A92400FFF1F8 /* ErrorResponse.swift */; };
		389BFADC2AC4B5AF00FFF1F8 /* WeatherError.swift in Sources */ = {isa = PBXBuildFile; fileRef = 389BFADB2AC4B5AF00FFF1F8 /* WeatherError.swift */; };
		389BFADE2AC4B5DD00FFF1F8 /* NetworkSessionServiceable.swift in Sources */ = {isa = PBXBuildFile; fileRef = 389BFADD2AC4B5DD00FFF1F8 /* NetworkSessionServiceable.swift */; };
/* End PBXBuildFile section */

/* Begin PBXFileReference section */
		385A3B612AC4F02A00968E90 /* LocationHelper.swift */ = {isa = PBXFileReference; lastKnownFileType = sourcecode.swift; path = LocationHelper.swift; sourceTree = "<group>"; };
		386688692AC481F40025EF6D /* Weather.app */ = {isa = PBXFileReference; explicitFileType = wrapper.application; includeInIndex = 0; path = Weather.app; sourceTree = BUILT_PRODUCTS_DIR; };
		3866886C2AC481F40025EF6D /* WeatherApp.swift */ = {isa = PBXFileReference; lastKnownFileType = sourcecode.swift; path = WeatherApp.swift; sourceTree = "<group>"; };
		3866886E2AC481F40025EF6D /* ContentView.swift */ = {isa = PBXFileReference; lastKnownFileType = sourcecode.swift; path = ContentView.swift; sourceTree = "<group>"; };
		386688702AC481F40025EF6D /* Assets.xcassets */ = {isa = PBXFileReference; lastKnownFileType = folder.assetcatalog; path = Assets.xcassets; sourceTree = "<group>"; };
		386688732AC481F40025EF6D /* Preview Assets.xcassets */ = {isa = PBXFileReference; lastKnownFileType = folder.assetcatalog; path = "Preview Assets.xcassets"; sourceTree = "<group>"; };
		389BFAC42AC4936900FFF1F8 /* Main.swift */ = {isa = PBXFileReference; fileEncoding = 4; lastKnownFileType = sourcecode.swift; path = Main.swift; sourceTree = "<group>"; };
		389BFAC52AC4936900FFF1F8 /* Clouds.swift */ = {isa = PBXFileReference; fileEncoding = 4; lastKnownFileType = sourcecode.swift; path = Clouds.swift; sourceTree = "<group>"; };
		389BFAC62AC4936900FFF1F8 /* WeatherResponse.swift */ = {isa = PBXFileReference; fileEncoding = 4; lastKnownFileType = sourcecode.swift; path = WeatherResponse.swift; sourceTree = "<group>"; };
		389BFAC72AC4936900FFF1F8 /* Coord.swift */ = {isa = PBXFileReference; fileEncoding = 4; lastKnownFileType = sourcecode.swift; path = Coord.swift; sourceTree = "<group>"; };
		389BFAC82AC4936900FFF1F8 /* Wind.swift */ = {isa = PBXFileReference; fileEncoding = 4; lastKnownFileType = sourcecode.swift; path = Wind.swift; sourceTree = "<group>"; };
		389BFAC92AC4936900FFF1F8 /* Sys.swift */ = {isa = PBXFileReference; fileEncoding = 4; lastKnownFileType = sourcecode.swift; path = Sys.swift; sourceTree = "<group>"; };
		389BFACA2AC4936900FFF1F8 /* Weather.swift */ = {isa = PBXFileReference; fileEncoding = 4; lastKnownFileType = sourcecode.swift; path = Weather.swift; sourceTree = "<group>"; };
		389BFAD22AC494BF00FFF1F8 /* NetworkHelper.swift */ = {isa = PBXFileReference; lastKnownFileType = sourcecode.swift; path = NetworkHelper.swift; sourceTree = "<group>"; };
		389BFAD52AC4981D00FFF1F8 /* GeoCoding.swift */ = {isa = PBXFileReference; lastKnownFileType = sourcecode.swift; path = GeoCoding.swift; sourceTree = "<group>"; };
		389BFAD72AC4986E00FFF1F8 /* URLProvider.swift */ = {isa = PBXFileReference; lastKnownFileType = sourcecode.swift; path = URLProvider.swift; sourceTree = "<group>"; };
		389BFAD92AC4A92400FFF1F8 /* ErrorResponse.swift */ = {isa = PBXFileReference; lastKnownFileType = sourcecode.swift; path = ErrorResponse.swift; sourceTree = "<group>"; };
		389BFADB2AC4B5AF00FFF1F8 /* WeatherError.swift */ = {isa = PBXFileReference; lastKnownFileType = sourcecode.swift; path = WeatherError.swift; sourceTree = "<group>"; };
		389BFADD2AC4B5DD00FFF1F8 /* NetworkSessionServiceable.swift */ = {isa = PBXFileReference; lastKnownFileType = sourcecode.swift; path = NetworkSessionServiceable.swift; sourceTree = "<group>"; };
/* End PBXFileReference section */

/* Begin PBXFrameworksBuildPhase section */
		386688662AC481F40025EF6D /* Frameworks */ = {
			isa = PBXFrameworksBuildPhase;
			buildActionMask = 2147483647;
			files = (
			);
			runOnlyForDeploymentPostprocessing = 0;
		};
/* End PBXFrameworksBuildPhase section */

/* Begin PBXGroup section */
		386688602AC481F40025EF6D = {
			isa = PBXGroup;
			children = (
				3866886B2AC481F40025EF6D /* Weather */,
				3866886A2AC481F40025EF6D /* Products */,
			);
			sourceTree = "<group>";
		};
		3866886A2AC481F40025EF6D /* Products */ = {
			isa = PBXGroup;
			children = (
				386688692AC481F40025EF6D /* Weather.app */,
			);
			name = Products;
			sourceTree = "<group>";
		};
		3866886B2AC481F40025EF6D /* Weather */ = {
			isa = PBXGroup;
			children = (
				3866886C2AC481F40025EF6D /* WeatherApp.swift */,
				385A3B612AC4F02A00968E90 /* LocationHelper.swift */,
				3866886E2AC481F40025EF6D /* ContentView.swift */,
				389BFAC32AC4934E00FFF1F8 /* Network */,
				386688702AC481F40025EF6D /* Assets.xcassets */,
				386688722AC481F40025EF6D /* Preview Content */,
			);
			path = Weather;
			sourceTree = "<group>";
		};
		386688722AC481F40025EF6D /* Preview Content */ = {
			isa = PBXGroup;
			children = (
				386688732AC481F40025EF6D /* Preview Assets.xcassets */,
			);
			path = "Preview Content";
			sourceTree = "<group>";
		};
		389BFAC32AC4934E00FFF1F8 /* Network */ = {
			isa = PBXGroup;
			children = (
				389BFAD42AC494CE00FFF1F8 /* Entites */,
				389BFAD22AC494BF00FFF1F8 /* NetworkHelper.swift */,
				389BFADB2AC4B5AF00FFF1F8 /* WeatherError.swift */,
				389BFADD2AC4B5DD00FFF1F8 /* NetworkSessionServiceable.swift */,
				389BFAD72AC4986E00FFF1F8 /* URLProvider.swift */,
			);
			path = Network;
			sourceTree = "<group>";
		};
		389BFAD42AC494CE00FFF1F8 /* Entites */ = {
			isa = PBXGroup;
			children = (
				389BFAC52AC4936900FFF1F8 /* Clouds.swift */,
				389BFAC72AC4936900FFF1F8 /* Coord.swift */,
				389BFAD92AC4A92400FFF1F8 /* ErrorResponse.swift */,
				389BFAC42AC4936900FFF1F8 /* Main.swift */,
				389BFAD52AC4981D00FFF1F8 /* GeoCoding.swift */,
				389BFAC92AC4936900FFF1F8 /* Sys.swift */,
				389BFACA2AC4936900FFF1F8 /* Weather.swift */,
				389BFAC62AC4936900FFF1F8 /* WeatherResponse.swift */,
				389BFAC82AC4936900FFF1F8 /* Wind.swift */,
			);
			path = Entites;
			sourceTree = "<group>";
		};
/* End PBXGroup section */

/* Begin PBXNativeTarget section */
		386688682AC481F40025EF6D /* Weather */ = {
			isa = PBXNativeTarget;
			buildConfigurationList = 386688772AC481F40025EF6D /* Build configuration list for PBXNativeTarget "Weather" */;
			buildPhases = (
				386688652AC481F40025EF6D /* Sources */,
				386688662AC481F40025EF6D /* Frameworks */,
				386688672AC481F40025EF6D /* Resources */,
			);
			buildRules = (
			);
			dependencies = (
			);
			name = Weather;
			productName = Weather;
			productReference = 386688692AC481F40025EF6D /* Weather.app */;
			productType = "com.apple.product-type.application";
		};
/* End PBXNativeTarget section */

/* Begin PBXProject section */
		386688612AC481F40025EF6D /* Project object */ = {
			isa = PBXProject;
			attributes = {
				BuildIndependentTargetsInParallel = 1;
				LastSwiftUpdateCheck = 1500;
				LastUpgradeCheck = 1500;
				TargetAttributes = {
					386688682AC481F40025EF6D = {
						CreatedOnToolsVersion = 15.0;
					};
				};
			};
			buildConfigurationList = 386688642AC481F40025EF6D /* Build configuration list for PBXProject "Weather" */;
			compatibilityVersion = "Xcode 14.0";
			developmentRegion = en;
			hasScannedForEncodings = 0;
			knownRegions = (
				en,
				Base,
			);
			mainGroup = 386688602AC481F40025EF6D;
			productRefGroup = 3866886A2AC481F40025EF6D /* Products */;
			projectDirPath = "";
			projectRoot = "";
			targets = (
				386688682AC481F40025EF6D /* Weather */,
			);
		};
/* End PBXProject section */

/* Begin PBXResourcesBuildPhase section */
		386688672AC481F40025EF6D /* Resources */ = {
			isa = PBXResourcesBuildPhase;
			buildActionMask = 2147483647;
			files = (
				386688742AC481F40025EF6D /* Preview Assets.xcassets in Resources */,
				386688712AC481F40025EF6D /* Assets.xcassets in Resources */,
			);
			runOnlyForDeploymentPostprocessing = 0;
		};
/* End PBXResourcesBuildPhase section */

/* Begin PBXSourcesBuildPhase section */
		386688652AC481F40025EF6D /* Sources */ = {
			isa = PBXSourcesBuildPhase;
			buildActionMask = 2147483647;
			files = (
				389BFACB2AC4936900FFF1F8 /* Main.swift in Sources */,
				389BFACD2AC4936900FFF1F8 /* WeatherResponse.swift in Sources */,
				389BFAD82AC4986E00FFF1F8 /* URLProvider.swift in Sources */,
				389BFAD32AC494BF00FFF1F8 /* NetworkHelper.swift in Sources */,
				389BFACF2AC4936900FFF1F8 /* Wind.swift in Sources */,
				389BFAD02AC4936900FFF1F8 /* Sys.swift in Sources */,
				389BFAD12AC4936900FFF1F8 /* Weather.swift in Sources */,
				389BFAD62AC4981D00FFF1F8 /* GeoCoding.swift in Sources */,
				389BFACC2AC4936900FFF1F8 /* Clouds.swift in Sources */,
				389BFACE2AC4936900FFF1F8 /* Coord.swift in Sources */,
				3866886F2AC481F40025EF6D /* ContentView.swift in Sources */,
				389BFADE2AC4B5DD00FFF1F8 /* NetworkSessionServiceable.swift in Sources */,
				385A3B622AC4F02A00968E90 /* LocationHelper.swift in Sources */,
				3866886D2AC481F40025EF6D /* WeatherApp.swift in Sources */,
				389BFADA2AC4A92400FFF1F8 /* ErrorResponse.swift in Sources */,
				389BFADC2AC4B5AF00FFF1F8 /* WeatherError.swift in Sources */,
			);
			runOnlyForDeploymentPostprocessing = 0;
		};
/* End PBXSourcesBuildPhase section */

/* Begin XCBuildConfiguration section */
		386688752AC481F40025EF6D /* Debug */ = {
			isa = XCBuildConfiguration;
			buildSettings = {
				ALWAYS_SEARCH_USER_PATHS = NO;
				ASSETCATALOG_COMPILER_GENERATE_SWIFT_ASSET_SYMBOL_EXTENSIONS = YES;
				CLANG_ANALYZER_NONNULL = YES;
				CLANG_ANALYZER_NUMBER_OBJECT_CONVERSION = YES_AGGRESSIVE;
				CLANG_CXX_LANGUAGE_STANDARD = "gnu++20";
				CLANG_ENABLE_MODULES = YES;
				CLANG_ENABLE_OBJC_ARC = YES;
				CLANG_ENABLE_OBJC_WEAK = YES;
				CLANG_WARN_BLOCK_CAPTURE_AUTORELEASING = YES;
				CLANG_WARN_BOOL_CONVERSION = YES;
				CLANG_WARN_COMMA = YES;
				CLANG_WARN_CONSTANT_CONVERSION = YES;
				CLANG_WARN_DEPRECATED_OBJC_IMPLEMENTATIONS = YES;
				CLANG_WARN_DIRECT_OBJC_ISA_USAGE = YES_ERROR;
				CLANG_WARN_DOCUMENTATION_COMMENTS = YES;
				CLANG_WARN_EMPTY_BODY = YES;
				CLANG_WARN_ENUM_CONVERSION = YES;
				CLANG_WARN_INFINITE_RECURSION = YES;
				CLANG_WARN_INT_CONVERSION = YES;
				CLANG_WARN_NON_LITERAL_NULL_CONVERSION = YES;
				CLANG_WARN_OBJC_IMPLICIT_RETAIN_SELF = YES;
				CLANG_WARN_OBJC_LITERAL_CONVERSION = YES;
				CLANG_WARN_OBJC_ROOT_CLASS = YES_ERROR;
				CLANG_WARN_QUOTED_INCLUDE_IN_FRAMEWORK_HEADER = YES;
				CLANG_WARN_RANGE_LOOP_ANALYSIS = YES;
				CLANG_WARN_STRICT_PROTOTYPES = YES;
				CLANG_WARN_SUSPICIOUS_MOVE = YES;
				CLANG_WARN_UNGUARDED_AVAILABILITY = YES_AGGRESSIVE;
				CLANG_WARN_UNREACHABLE_CODE = YES;
				CLANG_WARN__DUPLICATE_METHOD_MATCH = YES;
				COPY_PHASE_STRIP = NO;
				DEBUG_INFORMATION_FORMAT = dwarf;
				ENABLE_STRICT_OBJC_MSGSEND = YES;
				ENABLE_TESTABILITY = YES;
				ENABLE_USER_SCRIPT_SANDBOXING = YES;
				GCC_C_LANGUAGE_STANDARD = gnu17;
				GCC_DYNAMIC_NO_PIC = NO;
				GCC_NO_COMMON_BLOCKS = YES;
				GCC_OPTIMIZATION_LEVEL = 0;
				GCC_PREPROCESSOR_DEFINITIONS = (
					"DEBUG=1",
					"$(inherited)",
				);
				GCC_WARN_64_TO_32_BIT_CONVERSION = YES;
				GCC_WARN_ABOUT_RETURN_TYPE = YES_ERROR;
				GCC_WARN_UNDECLARED_SELECTOR = YES;
				GCC_WARN_UNINITIALIZED_AUTOS = YES_AGGRESSIVE;
				GCC_WARN_UNUSED_FUNCTION = YES;
				GCC_WARN_UNUSED_VARIABLE = YES;
				INFOPLIST_KEY_NSLocationWhenInUseUsageDescription = "To find your weather";
				IPHONEOS_DEPLOYMENT_TARGET = 17.0;
				LOCALIZATION_PREFERS_STRING_CATALOGS = YES;
				MTL_ENABLE_DEBUG_INFO = INCLUDE_SOURCE;
				MTL_FAST_MATH = YES;
				ONLY_ACTIVE_ARCH = YES;
				SDKROOT = iphoneos;
				SWIFT_ACTIVE_COMPILATION_CONDITIONS = "DEBUG $(inherited)";
				SWIFT_OPTIMIZATION_LEVEL = "-Onone";
			};
			name = Debug;
		};
		386688762AC481F40025EF6D /* Release */ = {
			isa = XCBuildConfiguration;
			buildSettings = {
				ALWAYS_SEARCH_USER_PATHS = NO;
				ASSETCATALOG_COMPILER_GENERATE_SWIFT_ASSET_SYMBOL_EXTENSIONS = YES;
				CLANG_ANALYZER_NONNULL = YES;
				CLANG_ANALYZER_NUMBER_OBJECT_CONVERSION = YES_AGGRESSIVE;
				CLANG_CXX_LANGUAGE_STANDARD = "gnu++20";
				CLANG_ENABLE_MODULES = YES;
				CLANG_ENABLE_OBJC_ARC = YES;
				CLANG_ENABLE_OBJC_WEAK = YES;
				CLANG_WARN_BLOCK_CAPTURE_AUTORELEASING = YES;
				CLANG_WARN_BOOL_CONVERSION = YES;
				CLANG_WARN_COMMA = YES;
				CLANG_WARN_CONSTANT_CONVERSION = YES;
				CLANG_WARN_DEPRECATED_OBJC_IMPLEMENTATIONS = YES;
				CLANG_WARN_DIRECT_OBJC_ISA_USAGE = YES_ERROR;
				CLANG_WARN_DOCUMENTATION_COMMENTS = YES;
				CLANG_WARN_EMPTY_BODY = YES;
				CLANG_WARN_ENUM_CONVERSION = YES;
				CLANG_WARN_INFINITE_RECURSION = YES;
				CLANG_WARN_INT_CONVERSION = YES;
				CLANG_WARN_NON_LITERAL_NULL_CONVERSION = YES;
				CLANG_WARN_OBJC_IMPLICIT_RETAIN_SELF = YES;
				CLANG_WARN_OBJC_LITERAL_CONVERSION = YES;
				CLANG_WARN_OBJC_ROOT_CLASS = YES_ERROR;
				CLANG_WARN_QUOTED_INCLUDE_IN_FRAMEWORK_HEADER = YES;
				CLANG_WARN_RANGE_LOOP_ANALYSIS = YES;
				CLANG_WARN_STRICT_PROTOTYPES = YES;
				CLANG_WARN_SUSPICIOUS_MOVE = YES;
				CLANG_WARN_UNGUARDED_AVAILABILITY = YES_AGGRESSIVE;
				CLANG_WARN_UNREACHABLE_CODE = YES;
				CLANG_WARN__DUPLICATE_METHOD_MATCH = YES;
				COPY_PHASE_STRIP = NO;
				DEBUG_INFORMATION_FORMAT = "dwarf-with-dsym";
				ENABLE_NS_ASSERTIONS = NO;
				ENABLE_STRICT_OBJC_MSGSEND = YES;
				ENABLE_USER_SCRIPT_SANDBOXING = YES;
				GCC_C_LANGUAGE_STANDARD = gnu17;
				GCC_NO_COMMON_BLOCKS = YES;
				GCC_WARN_64_TO_32_BIT_CONVERSION = YES;
				GCC_WARN_ABOUT_RETURN_TYPE = YES_ERROR;
				GCC_WARN_UNDECLARED_SELECTOR = YES;
				GCC_WARN_UNINITIALIZED_AUTOS = YES_AGGRESSIVE;
				GCC_WARN_UNUSED_FUNCTION = YES;
				GCC_WARN_UNUSED_VARIABLE = YES;
				INFOPLIST_KEY_NSLocationWhenInUseUsageDescription = "To find your weather";
				IPHONEOS_DEPLOYMENT_TARGET = 17.0;
				LOCALIZATION_PREFERS_STRING_CATALOGS = YES;
				MTL_ENABLE_DEBUG_INFO = NO;
				MTL_FAST_MATH = YES;
				SDKROOT = iphoneos;
				SWIFT_COMPILATION_MODE = wholemodule;
				VALIDATE_PRODUCT = YES;
			};
			name = Release;
		};
		386688782AC481F40025EF6D /* Debug */ = {
			isa = XCBuildConfiguration;
			buildSettings = {
				ASSETCATALOG_COMPILER_APPICON_NAME = AppIcon;
				ASSETCATALOG_COMPILER_GLOBAL_ACCENT_COLOR_NAME = AccentColor;
				CODE_SIGN_STYLE = Automatic;
				CURRENT_PROJECT_VERSION = 1;
				DEVELOPMENT_ASSET_PATHS = "\"Weather/Preview Content\"";
				DEVELOPMENT_TEAM = G4FX5726HD;
				ENABLE_PREVIEWS = YES;
				GENERATE_INFOPLIST_FILE = YES;
				INFOPLIST_KEY_UIApplicationSceneManifest_Generation = YES;
				INFOPLIST_KEY_UIApplicationSupportsIndirectInputEvents = YES;
				INFOPLIST_KEY_UILaunchScreen_Generation = YES;
				INFOPLIST_KEY_UISupportedInterfaceOrientations_iPad = "UIInterfaceOrientationPortrait UIInterfaceOrientationPortraitUpsideDown UIInterfaceOrientationLandscapeLeft UIInterfaceOrientationLandscapeRight";
				INFOPLIST_KEY_UISupportedInterfaceOrientations_iPhone = "UIInterfaceOrientationPortrait UIInterfaceOrientationLandscapeLeft UIInterfaceOrientationLandscapeRight";
				LD_RUNPATH_SEARCH_PATHS = (
					"$(inherited)",
					"@executable_path/Frameworks",
				);
				MARKETING_VERSION = 1.0;
				PRODUCT_BUNDLE_IDENTIFIER = com.crtmg.Weather;
				PRODUCT_NAME = "$(TARGET_NAME)";
				SWIFT_EMIT_LOC_STRINGS = YES;
				SWIFT_VERSION = 5.0;
				TARGETED_DEVICE_FAMILY = "1,2";
			};
			name = Debug;
		};
		386688792AC481F40025EF6D /* Release */ = {
			isa = XCBuildConfiguration;
			buildSettings = {
				ASSETCATALOG_COMPILER_APPICON_NAME = AppIcon;
				ASSETCATALOG_COMPILER_GLOBAL_ACCENT_COLOR_NAME = AccentColor;
				CODE_SIGN_STYLE = Automatic;
				CURRENT_PROJECT_VERSION = 1;
				DEVELOPMENT_ASSET_PATHS = "\"Weather/Preview Content\"";
				DEVELOPMENT_TEAM = G4FX5726HD;
				ENABLE_PREVIEWS = YES;
				GENERATE_INFOPLIST_FILE = YES;
				INFOPLIST_KEY_UIApplicationSceneManifest_Generation = YES;
				INFOPLIST_KEY_UIApplicationSupportsIndirectInputEvents = YES;
				INFOPLIST_KEY_UILaunchScreen_Generation = YES;
				INFOPLIST_KEY_UISupportedInterfaceOrientations_iPad = "UIInterfaceOrientationPortrait UIInterfaceOrientationPortraitUpsideDown UIInterfaceOrientationLandscapeLeft UIInterfaceOrientationLandscapeRight";
				INFOPLIST_KEY_UISupportedInterfaceOrientations_iPhone = "UIInterfaceOrientationPortrait UIInterfaceOrientationLandscapeLeft UIInterfaceOrientationLandscapeRight";
				LD_RUNPATH_SEARCH_PATHS = (
					"$(inherited)",
					"@executable_path/Frameworks",
				);
				MARKETING_VERSION = 1.0;
				PRODUCT_BUNDLE_IDENTIFIER = com.crtmg.Weather;
				PRODUCT_NAME = "$(TARGET_NAME)";
				SWIFT_EMIT_LOC_STRINGS = YES;
				SWIFT_VERSION = 5.0;
				TARGETED_DEVICE_FAMILY = "1,2";
			};
			name = Release;
		};
/* End XCBuildConfiguration section */

/* Begin XCConfigurationList section */
		386688642AC481F40025EF6D /* Build configuration list for PBXProject "Weather" */ = {
			isa = XCConfigurationList;
			buildConfigurations = (
				386688752AC481F40025EF6D /* Debug */,
				386688762AC481F40025EF6D /* Release */,
			);
			defaultConfigurationIsVisible = 0;
			defaultConfigurationName = Release;
		};
		386688772AC481F40025EF6D /* Build configuration list for PBXNativeTarget "Weather" */ = {
			isa = XCConfigurationList;
			buildConfigurations = (
				386688782AC481F40025EF6D /* Debug */,
				386688792AC481F40025EF6D /* Release */,
			);
			defaultConfigurationIsVisible = 0;
			defaultConfigurationName = Release;
		};
/* End XCConfigurationList section */
	};
	rootObject = 386688612AC481F40025EF6D /* Project object */;
}
